github.com/ebarped/gophercises/ex9 v0.0.0-20230329134931-1c173f1a6e2a h1:7NThoWjM/THosxEh/cq149Oebp5F+b8Jq0c8bJFs46E=
github.com/ebarped/gophercises/ex9 v0.0.0-20230329134931-1c173f1a6e2a/go.mod h1:Y3m0tLoSvgjvM7oiJxghLnbk+Scjnwg0BcXP/II+IQQ=
github.com/ebarped/gophercises/ex9 v0.0.0-20230329135817-930a97c6f9e4 h1:W1T86jBHcq+t69ZGXnNQWlJQrUvHLLNU4GlupueOn9c=
github.com/ebarped/gophercises/ex9 v0.0.0-20230329135817-930a97c6f9e4/go.mod h1:Y3m0tLoSvgjvM7oiJxghLnbk+Scjnwg0BcXP/II+IQQ=
github.com/ebarped/gophercises/ex9 v0.0.0-20230329140713-a15916012ed9 h1:Ll73j/0u79Rpj4Y4r1ZZ5TJHIwsbC+E9+Lo7h9bxp9g=
github.com/ebarped/gophercises/ex9 v0.0.0-20230329140713-a15916012ed9/go.mod h1:Y3m0tLoSvgjvM7oiJxghLnbk+Scjnwg0BcXP/II+IQQ=
github.com/ebarped/gophercises/ex9 v0.0.0-20230329141406-e2f5b9631819 h1:XjFNok/ncBa/cu658IjJaZDYn2YzUtrCKMzpDGCfQT4=
github.com/ebarped/gophercises/ex9 v0.0.0-20230329141406-e2f5b9631819/go.mod h1:Y3m0tLoSvgjvM7oiJxghLnbk+Scjnwg0BcXP/II+IQQ=
golang.org/x/exp v0.0.0-20230321023759-10a507213a29 h1:ooxPy7fPvB4kwsA2h+iBNHkAbp/4JxTSwCmvdjEYmug=
golang.org/x/exp v0.0.0-20230321023759-10a507213a29/go.mod h1:CxIveKay+FTh1D0yPZemJVgC/95VzuuOLq5Qi4xnoYc=
